// !$*UTF8*$!
{
	archiveVersion = 1;
	classes = {
	};
	objectVersion = 46;
	objects = {

/* Begin PBXBuildFile section */
		2CEC9E7E18E17EDD00E7BE44 /* Foundation.framework in Frameworks */ = {isa = PBXBuildFile; fileRef = 2CEC9E7D18E17EDD00E7BE44 /* Foundation.framework */; };
		2CEC9E8018E17EDD00E7BE44 /* CoreGraphics.framework in Frameworks */ = {isa = PBXBuildFile; fileRef = 2CEC9E7F18E17EDD00E7BE44 /* CoreGraphics.framework */; };
		2CEC9E8218E17EDD00E7BE44 /* UIKit.framework in Frameworks */ = {isa = PBXBuildFile; fileRef = 2CEC9E8118E17EDD00E7BE44 /* UIKit.framework */; };
		2CEC9E8A18E17EDD00E7BE44 /* main.m in Sources */ = {isa = PBXBuildFile; fileRef = 2CEC9E8918E17EDD00E7BE44 /* main.m */; };
		2CEC9E8E18E17EDD00E7BE44 /* STIOHIDAppDelegate.m in Sources */ = {isa = PBXBuildFile; fileRef = 2CEC9E8D18E17EDD00E7BE44 /* STIOHIDAppDelegate.m */; };
		2CEC9E9018E17EDD00E7BE44 /* Images.xcassets in Resources */ = {isa = PBXBuildFile; fileRef = 2CEC9E8F18E17EDD00E7BE44 /* Images.xcassets */; };
		2CEC9E9718E17EDD00E7BE44 /* XCTest.framework in Frameworks */ = {isa = PBXBuildFile; fileRef = 2CEC9E9618E17EDD00E7BE44 /* XCTest.framework */; };
		2CEC9E9818E17EDD00E7BE44 /* Foundation.framework in Frameworks */ = {isa = PBXBuildFile; fileRef = 2CEC9E7D18E17EDD00E7BE44 /* Foundation.framework */; };
		2CEC9E9918E17EDD00E7BE44 /* UIKit.framework in Frameworks */ = {isa = PBXBuildFile; fileRef = 2CEC9E8118E17EDD00E7BE44 /* UIKit.framework */; };
		2CEC9EA318E17EDD00E7BE44 /* STIOHIDTests.m in Sources */ = {isa = PBXBuildFile; fileRef = 2CEC9EA218E17EDD00E7BE44 /* STIOHIDTests.m */; };
		2CEC9EAE18E17F2300E7BE44 /* STIOHIDApp.m in Sources */ = {isa = PBXBuildFile; fileRef = 2CEC9EAD18E17F2300E7BE44 /* STIOHIDApp.m */; };
		2CEC9EB118E1807500E7BE44 /* STIOHIDEventFunctions.m in Sources */ = {isa = PBXBuildFile; fileRef = 2CEC9EB018E1807500E7BE44 /* STIOHIDEventFunctions.m */; };
		2CEC9EB418E181BE00E7BE44 /* STUIEvent.m in Sources */ = {isa = PBXBuildFile; fileRef = 2CEC9EB318E181BE00E7BE44 /* STUIEvent.m */; };
/* End PBXBuildFile section */

/* Begin PBXContainerItemProxy section */
		2CEC9E9A18E17EDD00E7BE44 /* PBXContainerItemProxy */ = {
			isa = PBXContainerItemProxy;
			containerPortal = 2CEC9E7218E17EDD00E7BE44 /* Project object */;
			proxyType = 1;
			remoteGlobalIDString = 2CEC9E7918E17EDD00E7BE44;
			remoteInfo = STIOHID;
		};
/* End PBXContainerItemProxy section */

/* Begin PBXFileReference section */
		2CEC9E7A18E17EDD00E7BE44 /* STIOHIDPlayground.app */ = {isa = PBXFileReference; explicitFileType = wrapper.application; includeInIndex = 0; path = STIOHIDPlayground.app; sourceTree = BUILT_PRODUCTS_DIR; };
		2CEC9E7D18E17EDD00E7BE44 /* Foundation.framework */ = {isa = PBXFileReference; lastKnownFileType = wrapper.framework; name = Foundation.framework; path = System/Library/Frameworks/Foundation.framework; sourceTree = SDKROOT; };
		2CEC9E7F18E17EDD00E7BE44 /* CoreGraphics.framework */ = {isa = PBXFileReference; lastKnownFileType = wrapper.framework; name = CoreGraphics.framework; path = System/Library/Frameworks/CoreGraphics.framework; sourceTree = SDKROOT; };
		2CEC9E8118E17EDD00E7BE44 /* UIKit.framework */ = {isa = PBXFileReference; lastKnownFileType = wrapper.framework; name = UIKit.framework; path = System/Library/Frameworks/UIKit.framework; sourceTree = SDKROOT; };
		2CEC9E8518E17EDD00E7BE44 /* Info.plist */ = {isa = PBXFileReference; lastKnownFileType = text.plist.xml; path = Info.plist; sourceTree = "<group>"; };
		2CEC9E8918E17EDD00E7BE44 /* main.m */ = {isa = PBXFileReference; lastKnownFileType = sourcecode.c.objc; path = main.m; sourceTree = "<group>"; };
		2CEC9E8C18E17EDD00E7BE44 /* STIOHIDAppDelegate.h */ = {isa = PBXFileReference; lastKnownFileType = sourcecode.c.h; path = STIOHIDAppDelegate.h; sourceTree = "<group>"; };
		2CEC9E8D18E17EDD00E7BE44 /* STIOHIDAppDelegate.m */ = {isa = PBXFileReference; lastKnownFileType = sourcecode.c.objc; path = STIOHIDAppDelegate.m; sourceTree = "<group>"; };
		2CEC9E8F18E17EDD00E7BE44 /* Images.xcassets */ = {isa = PBXFileReference; lastKnownFileType = folder.assetcatalog; path = Images.xcassets; sourceTree = "<group>"; };
		2CEC9E9518E17EDD00E7BE44 /* STIOHIDPlaygroundTests.xctest */ = {isa = PBXFileReference; explicitFileType = wrapper.cfbundle; includeInIndex = 0; path = STIOHIDPlaygroundTests.xctest; sourceTree = BUILT_PRODUCTS_DIR; };
		2CEC9E9618E17EDD00E7BE44 /* XCTest.framework */ = {isa = PBXFileReference; lastKnownFileType = wrapper.framework; name = XCTest.framework; path = Library/Frameworks/XCTest.framework; sourceTree = DEVELOPER_DIR; };
		2CEC9E9E18E17EDD00E7BE44 /* Info.plist */ = {isa = PBXFileReference; lastKnownFileType = text.plist.xml; path = Info.plist; sourceTree = "<group>"; };
		2CEC9EA218E17EDD00E7BE44 /* STIOHIDTests.m */ = {isa = PBXFileReference; lastKnownFileType = sourcecode.c.objc; path = STIOHIDTests.m; sourceTree = "<group>"; };
		2CEC9EAC18E17F2300E7BE44 /* STIOHIDApp.h */ = {isa = PBXFileReference; fileEncoding = 4; lastKnownFileType = sourcecode.c.h; path = STIOHIDApp.h; sourceTree = "<group>"; };
		2CEC9EAD18E17F2300E7BE44 /* STIOHIDApp.m */ = {isa = PBXFileReference; fileEncoding = 4; lastKnownFileType = sourcecode.c.objc; path = STIOHIDApp.m; sourceTree = "<group>"; };
		2CEC9EAF18E1807500E7BE44 /* STIOHIDEvent.h */ = {isa = PBXFileReference; fileEncoding = 4; lastKnownFileType = sourcecode.c.h; path = STIOHIDEvent.h; sourceTree = "<group>"; };
		2CEC9EB018E1807500E7BE44 /* STIOHIDEventFunctions.m */ = {isa = PBXFileReference; fileEncoding = 4; lastKnownFileType = sourcecode.c.objc; path = STIOHIDEventFunctions.m; sourceTree = "<group>"; };
		2CEC9EB218E181BE00E7BE44 /* STUIEvent.h */ = {isa = PBXFileReference; fileEncoding = 4; lastKnownFileType = sourcecode.c.h; path = STUIEvent.h; sourceTree = "<group>"; };
		2CEC9EB318E181BE00E7BE44 /* STUIEvent.m */ = {isa = PBXFileReference; fileEncoding = 4; lastKnownFileType = sourcecode.c.objc; path = STUIEvent.m; sourceTree = "<group>"; };
		2CEC9EB518E19A9300E7BE44 /* STCFRuntime.h */ = {isa = PBXFileReference; lastKnownFileType = sourcecode.c.h; path = STCFRuntime.h; sourceTree = "<group>"; };
		2CEC9EB618E19B2800E7BE44 /* STIOHIDEventField.h */ = {isa = PBXFileReference; lastKnownFileType = sourcecode.c.h; path = STIOHIDEventField.h; sourceTree = "<group>"; };
		2CEC9EB718E19B3D00E7BE44 /* STIOHIDEventType.h */ = {isa = PBXFileReference; lastKnownFileType = sourcecode.c.h; path = STIOHIDEventType.h; sourceTree = "<group>"; };
		2CEC9EB818E19DDB00E7BE44 /* STIOHIDEventFunctions.h */ = {isa = PBXFileReference; lastKnownFileType = sourcecode.c.h; path = STIOHIDEventFunctions.h; sourceTree = "<group>"; };
/* End PBXFileReference section */

/* Begin PBXFrameworksBuildPhase section */
		2CEC9E7718E17EDD00E7BE44 /* Frameworks */ = {
			isa = PBXFrameworksBuildPhase;
			buildActionMask = 2147483647;
			files = (
				2CEC9E8018E17EDD00E7BE44 /* CoreGraphics.framework in Frameworks */,
				2CEC9E8218E17EDD00E7BE44 /* UIKit.framework in Frameworks */,
				2CEC9E7E18E17EDD00E7BE44 /* Foundation.framework in Frameworks */,
			);
			runOnlyForDeploymentPostprocessing = 0;
		};
		2CEC9E9218E17EDD00E7BE44 /* Frameworks */ = {
			isa = PBXFrameworksBuildPhase;
			buildActionMask = 2147483647;
			files = (
				2CEC9E9718E17EDD00E7BE44 /* XCTest.framework in Frameworks */,
				2CEC9E9918E17EDD00E7BE44 /* UIKit.framework in Frameworks */,
				2CEC9E9818E17EDD00E7BE44 /* Foundation.framework in Frameworks */,
			);
			runOnlyForDeploymentPostprocessing = 0;
		};
/* End PBXFrameworksBuildPhase section */

/* Begin PBXGroup section */
		2CEC9E7118E17EDD00E7BE44 = {
			isa = PBXGroup;
			children = (
				2CEC9E8318E17EDD00E7BE44 /* STIOHID */,
				2CEC9E9C18E17EDD00E7BE44 /* STIOHIDTests */,
				2CEC9E7C18E17EDD00E7BE44 /* Frameworks */,
				2CEC9E7B18E17EDD00E7BE44 /* Products */,
			);
			sourceTree = "<group>";
		};
		2CEC9E7B18E17EDD00E7BE44 /* Products */ = {
			isa = PBXGroup;
			children = (
				2CEC9E7A18E17EDD00E7BE44 /* STIOHIDPlayground.app */,
				2CEC9E9518E17EDD00E7BE44 /* STIOHIDPlaygroundTests.xctest */,
			);
			name = Products;
			sourceTree = "<group>";
		};
		2CEC9E7C18E17EDD00E7BE44 /* Frameworks */ = {
			isa = PBXGroup;
			children = (
				2CEC9E7D18E17EDD00E7BE44 /* Foundation.framework */,
				2CEC9E7F18E17EDD00E7BE44 /* CoreGraphics.framework */,
				2CEC9E8118E17EDD00E7BE44 /* UIKit.framework */,
				2CEC9E9618E17EDD00E7BE44 /* XCTest.framework */,
			);
			name = Frameworks;
			sourceTree = "<group>";
		};
		2CEC9E8318E17EDD00E7BE44 /* STIOHID */ = {
			isa = PBXGroup;
			children = (
				2CEC9E8518E17EDD00E7BE44 /* Info.plist */,
				2CEC9E8918E17EDD00E7BE44 /* main.m */,
				2CEC9EAC18E17F2300E7BE44 /* STIOHIDApp.h */,
				2CEC9EAD18E17F2300E7BE44 /* STIOHIDApp.m */,
				2CEC9E8C18E17EDD00E7BE44 /* STIOHIDAppDelegate.h */,
				2CEC9E8D18E17EDD00E7BE44 /* STIOHIDAppDelegate.m */,
				2CEC9EB218E181BE00E7BE44 /* STUIEvent.h */,
				2CEC9EB318E181BE00E7BE44 /* STUIEvent.m */,
				2CEC9EB518E19A9300E7BE44 /* STCFRuntime.h */,
				2CEC9EAF18E1807500E7BE44 /* STIOHIDEvent.h */,
				2CEC9EB718E19B3D00E7BE44 /* STIOHIDEventType.h */,
				2CEC9EB618E19B2800E7BE44 /* STIOHIDEventField.h */,
				2CEC9EB818E19DDB00E7BE44 /* STIOHIDEventFunctions.h */,
				2CEC9EB018E1807500E7BE44 /* STIOHIDEventFunctions.m */,
				2CEC9E8F18E17EDD00E7BE44 /* Images.xcassets */,
			);
			path = STIOHID;
			sourceTree = "<group>";
		};
		2CEC9E9C18E17EDD00E7BE44 /* STIOHIDTests */ = {
			isa = PBXGroup;
			children = (
				2CEC9E9E18E17EDD00E7BE44 /* Info.plist */,
				2CEC9EA218E17EDD00E7BE44 /* STIOHIDTests.m */,
			);
			path = STIOHIDTests;
			sourceTree = "<group>";
		};
/* End PBXGroup section */

/* Begin PBXNativeTarget section */
		2CEC9E7918E17EDD00E7BE44 /* STIOHIDPlayground */ = {
			isa = PBXNativeTarget;
			buildConfigurationList = 2CEC9EA618E17EDD00E7BE44 /* Build configuration list for PBXNativeTarget "STIOHIDPlayground" */;
			buildPhases = (
				2CEC9E7618E17EDD00E7BE44 /* Sources */,
				2CEC9E7718E17EDD00E7BE44 /* Frameworks */,
				2CEC9E7818E17EDD00E7BE44 /* Resources */,
			);
			buildRules = (
			);
			dependencies = (
			);
			name = STIOHIDPlayground;
			productName = STIOHID;
			productReference = 2CEC9E7A18E17EDD00E7BE44 /* STIOHIDPlayground.app */;
			productType = "com.apple.product-type.application";
		};
		2CEC9E9418E17EDD00E7BE44 /* STIOHIDPlaygroundTests */ = {
			isa = PBXNativeTarget;
			buildConfigurationList = 2CEC9EA918E17EDD00E7BE44 /* Build configuration list for PBXNativeTarget "STIOHIDPlaygroundTests" */;
			buildPhases = (
				2CEC9E9118E17EDD00E7BE44 /* Sources */,
				2CEC9E9218E17EDD00E7BE44 /* Frameworks */,
				2CEC9E9318E17EDD00E7BE44 /* Resources */,
			);
			buildRules = (
			);
			dependencies = (
				2CEC9E9B18E17EDD00E7BE44 /* PBXTargetDependency */,
			);
			name = STIOHIDPlaygroundTests;
			productName = STIOHIDTests;
			productReference = 2CEC9E9518E17EDD00E7BE44 /* STIOHIDPlaygroundTests.xctest */;
			productType = "com.apple.product-type.bundle.unit-test";
		};
/* End PBXNativeTarget section */

/* Begin PBXProject section */
		2CEC9E7218E17EDD00E7BE44 /* Project object */ = {
			isa = PBXProject;
			attributes = {
				CLASSPREFIX = STIOHID;
				LastUpgradeCheck = 0510;
				ORGANIZATIONNAME = "Scott Talbot";
				TargetAttributes = {
					2CEC9E9418E17EDD00E7BE44 = {
						TestTargetID = 2CEC9E7918E17EDD00E7BE44;
					};
				};
			};
			buildConfigurationList = 2CEC9E7518E17EDD00E7BE44 /* Build configuration list for PBXProject "STIOHIDPlayground" */;
			compatibilityVersion = "Xcode 3.2";
			developmentRegion = English;
			hasScannedForEncodings = 0;
			knownRegions = (
				en,
			);
			mainGroup = 2CEC9E7118E17EDD00E7BE44;
			productRefGroup = 2CEC9E7B18E17EDD00E7BE44 /* Products */;
			projectDirPath = "";
			projectRoot = "";
			targets = (
				2CEC9E7918E17EDD00E7BE44 /* STIOHIDPlayground */,
				2CEC9E9418E17EDD00E7BE44 /* STIOHIDPlaygroundTests */,
			);
		};
/* End PBXProject section */

/* Begin PBXResourcesBuildPhase section */
		2CEC9E7818E17EDD00E7BE44 /* Resources */ = {
			isa = PBXResourcesBuildPhase;
			buildActionMask = 2147483647;
			files = (
				2CEC9E9018E17EDD00E7BE44 /* Images.xcassets in Resources */,
			);
			runOnlyForDeploymentPostprocessing = 0;
		};
		2CEC9E9318E17EDD00E7BE44 /* Resources */ = {
			isa = PBXResourcesBuildPhase;
			buildActionMask = 2147483647;
			files = (
			);
			runOnlyForDeploymentPostprocessing = 0;
		};
/* End PBXResourcesBuildPhase section */

/* Begin PBXSourcesBuildPhase section */
		2CEC9E7618E17EDD00E7BE44 /* Sources */ = {
			isa = PBXSourcesBuildPhase;
			buildActionMask = 2147483647;
			files = (
				2CEC9EB118E1807500E7BE44 /* STIOHIDEventFunctions.m in Sources */,
				2CEC9E8A18E17EDD00E7BE44 /* main.m in Sources */,
				2CEC9EB418E181BE00E7BE44 /* STUIEvent.m in Sources */,
				2CEC9EAE18E17F2300E7BE44 /* STIOHIDApp.m in Sources */,
				2CEC9E8E18E17EDD00E7BE44 /* STIOHIDAppDelegate.m in Sources */,
			);
			runOnlyForDeploymentPostprocessing = 0;
		};
		2CEC9E9118E17EDD00E7BE44 /* Sources */ = {
			isa = PBXSourcesBuildPhase;
			buildActionMask = 2147483647;
			files = (
				2CEC9EA318E17EDD00E7BE44 /* STIOHIDTests.m in Sources */,
			);
			runOnlyForDeploymentPostprocessing = 0;
		};
/* End PBXSourcesBuildPhase section */

/* Begin PBXTargetDependency section */
		2CEC9E9B18E17EDD00E7BE44 /* PBXTargetDependency */ = {
			isa = PBXTargetDependency;
			target = 2CEC9E7918E17EDD00E7BE44 /* STIOHIDPlayground */;
			targetProxy = 2CEC9E9A18E17EDD00E7BE44 /* PBXContainerItemProxy */;
		};
/* End PBXTargetDependency section */

/* Begin XCBuildConfiguration section */
		2CEC9EA418E17EDD00E7BE44 /* Debug */ = {
			isa = XCBuildConfiguration;
			buildSettings = {
				ALWAYS_SEARCH_USER_PATHS = NO;
				CLANG_CXX_LANGUAGE_STANDARD = "gnu++0x";
				CLANG_CXX_LIBRARY = "libc++";
				CLANG_ENABLE_MODULES = YES;
				CLANG_ENABLE_OBJC_ARC = YES;
				CLANG_WARN_BOOL_CONVERSION = YES;
				CLANG_WARN_CONSTANT_CONVERSION = YES;
				CLANG_WARN_DIRECT_OBJC_ISA_USAGE = YES_ERROR;
				CLANG_WARN_EMPTY_BODY = YES;
				CLANG_WARN_ENUM_CONVERSION = YES;
				CLANG_WARN_INT_CONVERSION = YES;
				CLANG_WARN_OBJC_ROOT_CLASS = YES_ERROR;
				CLANG_WARN__DUPLICATE_METHOD_MATCH = YES;
				"CODE_SIGN_IDENTITY[sdk=iphoneos*]" = "iPhone Developer";
				COPY_PHASE_STRIP = NO;
				GCC_C_LANGUAGE_STANDARD = gnu11;
				GCC_DYNAMIC_NO_PIC = NO;
				GCC_OPTIMIZATION_LEVEL = 0;
				GCC_PREPROCESSOR_DEFINITIONS = (
					"DEBUG=1",
					"$(inherited)",
				);
				GCC_SYMBOLS_PRIVATE_EXTERN = NO;
				GCC_WARN_64_TO_32_BIT_CONVERSION = YES;
				GCC_WARN_ABOUT_RETURN_TYPE = YES_ERROR;
				GCC_WARN_UNDECLARED_SELECTOR = YES;
				GCC_WARN_UNINITIALIZED_AUTOS = YES_AGGRESSIVE;
				GCC_WARN_UNUSED_FUNCTION = YES;
				GCC_WARN_UNUSED_VARIABLE = YES;
				IPHONEOS_DEPLOYMENT_TARGET = 7.1;
				ONLY_ACTIVE_ARCH = YES;
				SDKROOT = iphoneos;
				TARGETED_DEVICE_FAMILY = "1,2";
			};
			name = Debug;
		};
		2CEC9EA518E17EDD00E7BE44 /* Release */ = {
			isa = XCBuildConfiguration;
			buildSettings = {
				ALWAYS_SEARCH_USER_PATHS = NO;
				CLANG_CXX_LANGUAGE_STANDARD = "gnu++0x";
				CLANG_CXX_LIBRARY = "libc++";
				CLANG_ENABLE_MODULES = YES;
				CLANG_ENABLE_OBJC_ARC = YES;
				CLANG_WARN_BOOL_CONVERSION = YES;
				CLANG_WARN_CONSTANT_CONVERSION = YES;
				CLANG_WARN_DIRECT_OBJC_ISA_USAGE = YES_ERROR;
				CLANG_WARN_EMPTY_BODY = YES;
				CLANG_WARN_ENUM_CONVERSION = YES;
				CLANG_WARN_INT_CONVERSION = YES;
				CLANG_WARN_OBJC_ROOT_CLASS = YES_ERROR;
				CLANG_WARN__DUPLICATE_METHOD_MATCH = YES;
				"CODE_SIGN_IDENTITY[sdk=iphoneos*]" = "iPhone Developer";
				COPY_PHASE_STRIP = YES;
				ENABLE_NS_ASSERTIONS = NO;
				GCC_C_LANGUAGE_STANDARD = gnu11;
				GCC_WARN_64_TO_32_BIT_CONVERSION = YES;
				GCC_WARN_ABOUT_RETURN_TYPE = YES_ERROR;
				GCC_WARN_UNDECLARED_SELECTOR = YES;
				GCC_WARN_UNINITIALIZED_AUTOS = YES_AGGRESSIVE;
				GCC_WARN_UNUSED_FUNCTION = YES;
				GCC_WARN_UNUSED_VARIABLE = YES;
				IPHONEOS_DEPLOYMENT_TARGET = 7.1;
				SDKROOT = iphoneos;
				TARGETED_DEVICE_FAMILY = "1,2";
				VALIDATE_PRODUCT = YES;
			};
			name = Release;
		};
		2CEC9EA718E17EDD00E7BE44 /* Debug */ = {
			isa = XCBuildConfiguration;
			buildSettings = {
				ASSETCATALOG_COMPILER_APPICON_NAME = AppIcon;
				ASSETCATALOG_COMPILER_LAUNCHIMAGE_NAME = LaunchImage;
				INFOPLIST_FILE = "$(SRCROOT)/STIOHID/Info.plist";
				PRODUCT_NAME = STIOHIDPlayground;
				WRAPPER_EXTENSION = app;
			};
			name = Debug;
		};
		2CEC9EA818E17EDD00E7BE44 /* Release */ = {
			isa = XCBuildConfiguration;
			buildSettings = {
				ASSETCATALOG_COMPILER_APPICON_NAME = AppIcon;
				ASSETCATALOG_COMPILER_LAUNCHIMAGE_NAME = LaunchImage;
				INFOPLIST_FILE = "$(SRCROOT)/STIOHID/Info.plist";
				PRODUCT_NAME = STIOHIDPlayground;
				WRAPPER_EXTENSION = app;
			};
			name = Release;
		};
		2CEC9EAA18E17EDD00E7BE44 /* Debug */ = {
			isa = XCBuildConfiguration;
			buildSettings = {
				BUNDLE_LOADER = "$(BUILT_PRODUCTS_DIR)/STIOHID.app/STIOHID";
				FRAMEWORK_SEARCH_PATHS = (
					"$(SDKROOT)/Developer/Library/Frameworks",
					"$(inherited)",
					"$(DEVELOPER_FRAMEWORKS_DIR)",
				);
				GCC_PREPROCESSOR_DEFINITIONS = (
					"DEBUG=1",
					"$(inherited)",
				);
				INFOPLIST_FILE = STIOHIDTests/Info.plist;
				PRODUCT_NAME = STIOHIDPlaygroundTests;
				TEST_HOST = "$(BUNDLE_LOADER)";
				WRAPPER_EXTENSION = xctest;
			};
			name = Debug;
		};
		2CEC9EAB18E17EDD00E7BE44 /* Release */ = {
			isa = XCBuildConfiguration;
			buildSettings = {
				BUNDLE_LOADER = "$(BUILT_PRODUCTS_DIR)/STIOHID.app/STIOHID";
				FRAMEWORK_SEARCH_PATHS = (
					"$(SDKROOT)/Developer/Library/Frameworks",
					"$(inherited)",
					"$(DEVELOPER_FRAMEWORKS_DIR)",
				);
				INFOPLIST_FILE = STIOHIDTests/Info.plist;
				PRODUCT_NAME = STIOHIDPlaygroundTests;
				TEST_HOST = "$(BUNDLE_LOADER)";
				WRAPPER_EXTENSION = xctest;
			};
			name = Release;
		};
/* End XCBuildConfiguration section */

/* Begin XCConfigurationList section */
		2CEC9E7518E17EDD00E7BE44 /* Build configuration list for PBXProject "STIOHIDPlayground" */ = {
			isa = XCConfigurationList;
			buildConfigurations = (
				2CEC9EA418E17EDD00E7BE44 /* Debug */,
				2CEC9EA518E17EDD00E7BE44 /* Release */,
			);
			defaultConfigurationIsVisible = 0;
			defaultConfigurationName = Release;
		};
		2CEC9EA618E17EDD00E7BE44 /* Build configuration list for PBXNativeTarget "STIOHIDPlayground" */ = {
			isa = XCConfigurationList;
			buildConfigurations = (
				2CEC9EA718E17EDD00E7BE44 /* Debug */,
				2CEC9EA818E17EDD00E7BE44 /* Release */,
			);
			defaultConfigurationIsVisible = 0;
			defaultConfigurationName = Release;
		};
		2CEC9EA918E17EDD00E7BE44 /* Build configuration list for PBXNativeTarget "STIOHIDPlaygroundTests" */ = {
			isa = XCConfigurationList;
			buildConfigurations = (
				2CEC9EAA18E17EDD00E7BE44 /* Debug */,
				2CEC9EAB18E17EDD00E7BE44 /* Release */,
			);
			defaultConfigurationIsVisible = 0;
			defaultConfigurationName = Release;
		};
/* End XCConfigurationList section */
	};
	rootObject = 2CEC9E7218E17EDD00E7BE44 /* Project object */;
}
