// !$*UTF8*$!
{
	archiveVersion = 1;
	classes = {
	};
	objectVersion = 46;
	objects = {

/* Begin PBXBuildFile section */
		2C2E1B7418E4BEF90073EA88 /* Foundation.framework in Frameworks */ = {isa = PBXBuildFile; fileRef = 2C2E1B7318E4BEF90073EA88 /* Foundation.framework */; };
		2C2E1B7618E4BEF90073EA88 /* CoreGraphics.framework in Frameworks */ = {isa = PBXBuildFile; fileRef = 2C2E1B7518E4BEF90073EA88 /* CoreGraphics.framework */; };
		2C2E1B7818E4BEF90073EA88 /* UIKit.framework in Frameworks */ = {isa = PBXBuildFile; fileRef = 2C2E1B7718E4BEF90073EA88 /* UIKit.framework */; };
		2C2E1B8018E4BEF90073EA88 /* main.m in Sources */ = {isa = PBXBuildFile; fileRef = 2C2E1B7F18E4BEF90073EA88 /* main.m */; };
		2C2E1B8418E4BEF90073EA88 /* STIOHIDAppDelegate.m in Sources */ = {isa = PBXBuildFile; fileRef = 2C2E1B8318E4BEF90073EA88 /* STIOHIDAppDelegate.m */; };
		2C2E1B8618E4BEF90073EA88 /* Images.xcassets in Resources */ = {isa = PBXBuildFile; fileRef = 2C2E1B8518E4BEF90073EA88 /* Images.xcassets */; };
		2C2E1BAD18E4BFD60073EA88 /* libSTIOHID.a in Frameworks */ = {isa = PBXBuildFile; fileRef = 2C2E1BA818E4BFC60073EA88 /* libSTIOHID.a */; };
		2C2E1BB618E4C0170073EA88 /* libSTTouchDisplay.a in Frameworks */ = {isa = PBXBuildFile; fileRef = 2C2E1BB318E4C00C0073EA88 /* libSTTouchDisplay.a */; };
		2C2E1BBE18E4C0AE0073EA88 /* STIOHIDApp.m in Sources */ = {isa = PBXBuildFile; fileRef = 2C2E1BBB18E4C0AE0073EA88 /* STIOHIDApp.m */; };
		2C2E1BBF18E4C0AE0073EA88 /* STUIEvent.m in Sources */ = {isa = PBXBuildFile; fileRef = 2C2E1BBD18E4C0AE0073EA88 /* STUIEvent.m */; };
/* End PBXBuildFile section */

/* Begin PBXContainerItemProxy section */
		2C2E1BA718E4BFC60073EA88 /* PBXContainerItemProxy */ = {
			isa = PBXContainerItemProxy;
			containerPortal = 2C2E1BA218E4BFC60073EA88 /* STIOHID.xcodeproj */;
			proxyType = 2;
			remoteGlobalIDString = 2CEC9EBD18E41D9E00E7BE44;
			remoteInfo = STIOHID;
		};
		2C2E1BA918E4BFC60073EA88 /* PBXContainerItemProxy */ = {
			isa = PBXContainerItemProxy;
			containerPortal = 2C2E1BA218E4BFC60073EA88 /* STIOHID.xcodeproj */;
			proxyType = 2;
			remoteGlobalIDString = 2CEC9ECA18E41D9E00E7BE44;
			remoteInfo = STIOHIDTests;
		};
		2C2E1BAB18E4BFCF0073EA88 /* PBXContainerItemProxy */ = {
			isa = PBXContainerItemProxy;
			containerPortal = 2C2E1BA218E4BFC60073EA88 /* STIOHID.xcodeproj */;
			proxyType = 1;
			remoteGlobalIDString = 2CEC9EBC18E41D9E00E7BE44;
			remoteInfo = STIOHID;
		};
		2C2E1BB218E4C00C0073EA88 /* PBXContainerItemProxy */ = {
			isa = PBXContainerItemProxy;
			containerPortal = 2C2E1BAE18E4C00C0073EA88 /* STTouchDisplay.xcodeproj */;
			proxyType = 2;
			remoteGlobalIDString = 2C24425818E0244A00A926A0;
			remoteInfo = STTouchDisplay;
		};
		2C2E1BB418E4C0130073EA88 /* PBXContainerItemProxy */ = {
			isa = PBXContainerItemProxy;
			containerPortal = 2C2E1BAE18E4C00C0073EA88 /* STTouchDisplay.xcodeproj */;
			proxyType = 1;
			remoteGlobalIDString = 2C24425718E0244A00A926A0;
			remoteInfo = STTouchDisplay;
		};
/* End PBXContainerItemProxy section */

/* Begin PBXFileReference section */
		2C2E1B7018E4BEF90073EA88 /* STIOHIDPlayground.app */ = {isa = PBXFileReference; explicitFileType = wrapper.application; includeInIndex = 0; path = STIOHIDPlayground.app; sourceTree = BUILT_PRODUCTS_DIR; };
		2C2E1B7318E4BEF90073EA88 /* Foundation.framework */ = {isa = PBXFileReference; lastKnownFileType = wrapper.framework; name = Foundation.framework; path = System/Library/Frameworks/Foundation.framework; sourceTree = SDKROOT; };
		2C2E1B7518E4BEF90073EA88 /* CoreGraphics.framework */ = {isa = PBXFileReference; lastKnownFileType = wrapper.framework; name = CoreGraphics.framework; path = System/Library/Frameworks/CoreGraphics.framework; sourceTree = SDKROOT; };
		2C2E1B7718E4BEF90073EA88 /* UIKit.framework */ = {isa = PBXFileReference; lastKnownFileType = wrapper.framework; name = UIKit.framework; path = System/Library/Frameworks/UIKit.framework; sourceTree = SDKROOT; };
		2C2E1B7B18E4BEF90073EA88 /* Info.plist */ = {isa = PBXFileReference; lastKnownFileType = text.plist.xml; path = Info.plist; sourceTree = "<group>"; };
		2C2E1B7F18E4BEF90073EA88 /* main.m */ = {isa = PBXFileReference; lastKnownFileType = sourcecode.c.objc; path = main.m; sourceTree = "<group>"; };
		2C2E1B8218E4BEF90073EA88 /* STIOHIDAppDelegate.h */ = {isa = PBXFileReference; lastKnownFileType = sourcecode.c.h; path = STIOHIDAppDelegate.h; sourceTree = "<group>"; };
		2C2E1B8318E4BEF90073EA88 /* STIOHIDAppDelegate.m */ = {isa = PBXFileReference; lastKnownFileType = sourcecode.c.objc; path = STIOHIDAppDelegate.m; sourceTree = "<group>"; };
		2C2E1B8518E4BEF90073EA88 /* Images.xcassets */ = {isa = PBXFileReference; lastKnownFileType = folder.assetcatalog; path = Images.xcassets; sourceTree = "<group>"; };
		2C2E1B8C18E4BEF90073EA88 /* XCTest.framework */ = {isa = PBXFileReference; lastKnownFileType = wrapper.framework; name = XCTest.framework; path = Library/Frameworks/XCTest.framework; sourceTree = DEVELOPER_DIR; };
		2C2E1BA218E4BFC60073EA88 /* STIOHID.xcodeproj */ = {isa = PBXFileReference; lastKnownFileType = "wrapper.pb-project"; path = STIOHID.xcodeproj; sourceTree = "<group>"; };
		2C2E1BAE18E4C00C0073EA88 /* STTouchDisplay.xcodeproj */ = {isa = PBXFileReference; lastKnownFileType = "wrapper.pb-project"; name = STTouchDisplay.xcodeproj; path = ../STTouchDisplay/STTouchDisplay.xcodeproj; sourceTree = "<group>"; };
		2C2E1BBA18E4C0AE0073EA88 /* STIOHIDApp.h */ = {isa = PBXFileReference; fileEncoding = 4; lastKnownFileType = sourcecode.c.h; path = STIOHIDApp.h; sourceTree = "<group>"; };
		2C2E1BBB18E4C0AE0073EA88 /* STIOHIDApp.m */ = {isa = PBXFileReference; fileEncoding = 4; lastKnownFileType = sourcecode.c.objc; path = STIOHIDApp.m; sourceTree = "<group>"; };
		2C2E1BBC18E4C0AE0073EA88 /* STUIEvent.h */ = {isa = PBXFileReference; fileEncoding = 4; lastKnownFileType = sourcecode.c.h; path = STUIEvent.h; sourceTree = "<group>"; };
		2C2E1BBD18E4C0AE0073EA88 /* STUIEvent.m */ = {isa = PBXFileReference; fileEncoding = 4; lastKnownFileType = sourcecode.c.objc; path = STUIEvent.m; sourceTree = "<group>"; };
/* End PBXFileReference section */

/* Begin PBXFrameworksBuildPhase section */
		2C2E1B6D18E4BEF90073EA88 /* Frameworks */ = {
			isa = PBXFrameworksBuildPhase;
			buildActionMask = 2147483647;
			files = (
				2C2E1B7418E4BEF90073EA88 /* Foundation.framework in Frameworks */,
				2C2E1B7618E4BEF90073EA88 /* CoreGraphics.framework in Frameworks */,
				2C2E1B7818E4BEF90073EA88 /* UIKit.framework in Frameworks */,
				2C2E1BAD18E4BFD60073EA88 /* libSTIOHID.a in Frameworks */,
				2C2E1BB618E4C0170073EA88 /* libSTTouchDisplay.a in Frameworks */,
			);
			runOnlyForDeploymentPostprocessing = 0;
		};
/* End PBXFrameworksBuildPhase section */

/* Begin PBXGroup section */
		2C2E1B6718E4BEF90073EA88 = {
			isa = PBXGroup;
			children = (
				2C2E1B7918E4BEF90073EA88 /* STIOHIDPlayground */,
				2C2E1B7218E4BEF90073EA88 /* Frameworks */,
				2C2E1B7118E4BEF90073EA88 /* Products */,
			);
			sourceTree = "<group>";
		};
		2C2E1B7118E4BEF90073EA88 /* Products */ = {
			isa = PBXGroup;
			children = (
				2C2E1B7018E4BEF90073EA88 /* STIOHIDPlayground.app */,
			);
			name = Products;
			sourceTree = "<group>";
		};
		2C2E1B7218E4BEF90073EA88 /* Frameworks */ = {
			isa = PBXGroup;
			children = (
				2C2E1B7318E4BEF90073EA88 /* Foundation.framework */,
				2C2E1B7518E4BEF90073EA88 /* CoreGraphics.framework */,
				2C2E1B7718E4BEF90073EA88 /* UIKit.framework */,
				2C2E1B8C18E4BEF90073EA88 /* XCTest.framework */,
				2C2E1BA218E4BFC60073EA88 /* STIOHID.xcodeproj */,
				2C2E1BAE18E4C00C0073EA88 /* STTouchDisplay.xcodeproj */,
			);
			name = Frameworks;
			sourceTree = "<group>";
		};
		2C2E1B7918E4BEF90073EA88 /* STIOHIDPlayground */ = {
			isa = PBXGroup;
			children = (
				2C2E1B7B18E4BEF90073EA88 /* Info.plist */,
				2C2E1B7F18E4BEF90073EA88 /* main.m */,
				2C2E1BBA18E4C0AE0073EA88 /* STIOHIDApp.h */,
				2C2E1BBB18E4C0AE0073EA88 /* STIOHIDApp.m */,
				2C2E1B8218E4BEF90073EA88 /* STIOHIDAppDelegate.h */,
				2C2E1B8318E4BEF90073EA88 /* STIOHIDAppDelegate.m */,
				2C2E1BBC18E4C0AE0073EA88 /* STUIEvent.h */,
				2C2E1BBD18E4C0AE0073EA88 /* STUIEvent.m */,
				2C2E1B8518E4BEF90073EA88 /* Images.xcassets */,
			);
			path = STIOHIDPlayground;
			sourceTree = "<group>";
		};
		2C2E1BA318E4BFC60073EA88 /* Products */ = {
			isa = PBXGroup;
			children = (
				2C2E1BA818E4BFC60073EA88 /* libSTIOHID.a */,
				2C2E1BAA18E4BFC60073EA88 /* STIOHIDTests.xctest */,
			);
			name = Products;
			sourceTree = "<group>";
		};
		2C2E1BAF18E4C00C0073EA88 /* Products */ = {
			isa = PBXGroup;
			children = (
				2C2E1BB318E4C00C0073EA88 /* libSTTouchDisplay.a */,
			);
			name = Products;
			sourceTree = "<group>";
		};
/* End PBXGroup section */

/* Begin PBXNativeTarget section */
		2C2E1B6F18E4BEF90073EA88 /* STIOHIDPlayground */ = {
			isa = PBXNativeTarget;
			buildConfigurationList = 2C2E1B9C18E4BEF90073EA88 /* Build configuration list for PBXNativeTarget "STIOHIDPlayground" */;
			buildPhases = (
				2C2E1B6C18E4BEF90073EA88 /* Sources */,
				2C2E1B6D18E4BEF90073EA88 /* Frameworks */,
				2C2E1B6E18E4BEF90073EA88 /* Resources */,
			);
			buildRules = (
			);
			dependencies = (
				2C2E1BAC18E4BFCF0073EA88 /* PBXTargetDependency */,
				2C2E1BB518E4C0130073EA88 /* PBXTargetDependency */,
			);
			name = STIOHIDPlayground;
			productName = STIOHIDPlayground;
			productReference = 2C2E1B7018E4BEF90073EA88 /* STIOHIDPlayground.app */;
			productType = "com.apple.product-type.application";
		};
/* End PBXNativeTarget section */

/* Begin PBXProject section */
		2C2E1B6818E4BEF90073EA88 /* Project object */ = {
			isa = PBXProject;
			attributes = {
				CLASSPREFIX = STIOHID;
				LastUpgradeCheck = 0510;
				ORGANIZATIONNAME = "Scott Talbot";
			};
			buildConfigurationList = 2C2E1B6B18E4BEF90073EA88 /* Build configuration list for PBXProject "STIOHIDPlayground" */;
			compatibilityVersion = "Xcode 3.2";
			developmentRegion = English;
			hasScannedForEncodings = 0;
			knownRegions = (
				en,
			);
			mainGroup = 2C2E1B6718E4BEF90073EA88;
			productRefGroup = 2C2E1B7118E4BEF90073EA88 /* Products */;
			projectDirPath = "";
			projectReferences = (
				{
					ProductGroup = 2C2E1BA318E4BFC60073EA88 /* Products */;
					ProjectRef = 2C2E1BA218E4BFC60073EA88 /* STIOHID.xcodeproj */;
				},
				{
					ProductGroup = 2C2E1BAF18E4C00C0073EA88 /* Products */;
					ProjectRef = 2C2E1BAE18E4C00C0073EA88 /* STTouchDisplay.xcodeproj */;
				},
			);
			projectRoot = "";
			targets = (
				2C2E1B6F18E4BEF90073EA88 /* STIOHIDPlayground */,
			);
		};
/* End PBXProject section */

/* Begin PBXReferenceProxy section */
		2C2E1BA818E4BFC60073EA88 /* libSTIOHID.a */ = {
			isa = PBXReferenceProxy;
			fileType = archive.ar;
			path = libSTIOHID.a;
			remoteRef = 2C2E1BA718E4BFC60073EA88 /* PBXContainerItemProxy */;
			sourceTree = BUILT_PRODUCTS_DIR;
		};
		2C2E1BAA18E4BFC60073EA88 /* STIOHIDTests.xctest */ = {
			isa = PBXReferenceProxy;
			fileType = wrapper.cfbundle;
			path = STIOHIDTests.xctest;
			remoteRef = 2C2E1BA918E4BFC60073EA88 /* PBXContainerItemProxy */;
			sourceTree = BUILT_PRODUCTS_DIR;
		};
		2C2E1BB318E4C00C0073EA88 /* libSTTouchDisplay.a */ = {
			isa = PBXReferenceProxy;
			fileType = archive.ar;
			path = libSTTouchDisplay.a;
			remoteRef = 2C2E1BB218E4C00C0073EA88 /* PBXContainerItemProxy */;
			sourceTree = BUILT_PRODUCTS_DIR;
		};
/* End PBXReferenceProxy section */

/* Begin PBXResourcesBuildPhase section */
		2C2E1B6E18E4BEF90073EA88 /* Resources */ = {
			isa = PBXResourcesBuildPhase;
			buildActionMask = 2147483647;
			files = (
				2C2E1B8618E4BEF90073EA88 /* Images.xcassets in Resources */,
			);
			runOnlyForDeploymentPostprocessing = 0;
		};
/* End PBXResourcesBuildPhase section */

/* Begin PBXSourcesBuildPhase section */
		2C2E1B6C18E4BEF90073EA88 /* Sources */ = {
			isa = PBXSourcesBuildPhase;
			buildActionMask = 2147483647;
			files = (
				2C2E1B8018E4BEF90073EA88 /* main.m in Sources */,
				2C2E1BBF18E4C0AE0073EA88 /* STUIEvent.m in Sources */,
				2C2E1BBE18E4C0AE0073EA88 /* STIOHIDApp.m in Sources */,
				2C2E1B8418E4BEF90073EA88 /* STIOHIDAppDelegate.m in Sources */,
			);
			runOnlyForDeploymentPostprocessing = 0;
		};
/* End PBXSourcesBuildPhase section */

/* Begin PBXTargetDependency section */
		2C2E1BAC18E4BFCF0073EA88 /* PBXTargetDependency */ = {
			isa = PBXTargetDependency;
			name = STIOHID;
			targetProxy = 2C2E1BAB18E4BFCF0073EA88 /* PBXContainerItemProxy */;
		};
		2C2E1BB518E4C0130073EA88 /* PBXTargetDependency */ = {
			isa = PBXTargetDependency;
			name = STTouchDisplay;
			targetProxy = 2C2E1BB418E4C0130073EA88 /* PBXContainerItemProxy */;
		};
/* End PBXTargetDependency section */

/* Begin XCBuildConfiguration section */
		2C2E1B9A18E4BEF90073EA88 /* Debug */ = {
			isa = XCBuildConfiguration;
			buildSettings = {
				ALWAYS_SEARCH_USER_PATHS = NO;
				CLANG_CXX_LANGUAGE_STANDARD = "gnu++0x";
				CLANG_CXX_LIBRARY = "libc++";
				CLANG_ENABLE_MODULES = YES;
				CLANG_ENABLE_OBJC_ARC = YES;
				CLANG_WARN_BOOL_CONVERSION = YES;
				CLANG_WARN_CONSTANT_CONVERSION = YES;
				CLANG_WARN_DIRECT_OBJC_ISA_USAGE = YES_ERROR;
				CLANG_WARN_EMPTY_BODY = YES;
				CLANG_WARN_ENUM_CONVERSION = YES;
				CLANG_WARN_INT_CONVERSION = YES;
				CLANG_WARN_OBJC_ROOT_CLASS = YES_ERROR;
				CLANG_WARN__DUPLICATE_METHOD_MATCH = YES;
				"CODE_SIGN_IDENTITY[sdk=iphoneos*]" = "iPhone Developer";
				COPY_PHASE_STRIP = NO;
				GCC_C_LANGUAGE_STANDARD = gnu99;
				GCC_DYNAMIC_NO_PIC = NO;
				GCC_OPTIMIZATION_LEVEL = 0;
				GCC_PREPROCESSOR_DEFINITIONS = (
					"DEBUG=1",
					"$(inherited)",
				);
				GCC_SYMBOLS_PRIVATE_EXTERN = NO;
				GCC_WARN_64_TO_32_BIT_CONVERSION = YES;
				GCC_WARN_ABOUT_RETURN_TYPE = YES_ERROR;
				GCC_WARN_UNDECLARED_SELECTOR = YES;
				GCC_WARN_UNINITIALIZED_AUTOS = YES_AGGRESSIVE;
				GCC_WARN_UNUSED_FUNCTION = YES;
				GCC_WARN_UNUSED_VARIABLE = YES;
				IPHONEOS_DEPLOYMENT_TARGET = 7.1;
				ONLY_ACTIVE_ARCH = YES;
				SDKROOT = iphoneos;
				TARGETED_DEVICE_FAMILY = "1,2";
			};
			name = Debug;
		};
		2C2E1B9B18E4BEF90073EA88 /* Release */ = {
			isa = XCBuildConfiguration;
			buildSettings = {
				ALWAYS_SEARCH_USER_PATHS = NO;
				CLANG_CXX_LANGUAGE_STANDARD = "gnu++0x";
				CLANG_CXX_LIBRARY = "libc++";
				CLANG_ENABLE_MODULES = YES;
				CLANG_ENABLE_OBJC_ARC = YES;
				CLANG_WARN_BOOL_CONVERSION = YES;
				CLANG_WARN_CONSTANT_CONVERSION = YES;
				CLANG_WARN_DIRECT_OBJC_ISA_USAGE = YES_ERROR;
				CLANG_WARN_EMPTY_BODY = YES;
				CLANG_WARN_ENUM_CONVERSION = YES;
				CLANG_WARN_INT_CONVERSION = YES;
				CLANG_WARN_OBJC_ROOT_CLASS = YES_ERROR;
				CLANG_WARN__DUPLICATE_METHOD_MATCH = YES;
				"CODE_SIGN_IDENTITY[sdk=iphoneos*]" = "iPhone Developer";
				COPY_PHASE_STRIP = YES;
				ENABLE_NS_ASSERTIONS = NO;
				GCC_C_LANGUAGE_STANDARD = gnu99;
				GCC_WARN_64_TO_32_BIT_CONVERSION = YES;
				GCC_WARN_ABOUT_RETURN_TYPE = YES_ERROR;
				GCC_WARN_UNDECLARED_SELECTOR = YES;
				GCC_WARN_UNINITIALIZED_AUTOS = YES_AGGRESSIVE;
				GCC_WARN_UNUSED_FUNCTION = YES;
				GCC_WARN_UNUSED_VARIABLE = YES;
				IPHONEOS_DEPLOYMENT_TARGET = 7.1;
				SDKROOT = iphoneos;
				TARGETED_DEVICE_FAMILY = "1,2";
				VALIDATE_PRODUCT = YES;
			};
			name = Release;
		};
		2C2E1B9D18E4BEF90073EA88 /* Debug */ = {
			isa = XCBuildConfiguration;
			buildSettings = {
				ASSETCATALOG_COMPILER_APPICON_NAME = AppIcon;
				ASSETCATALOG_COMPILER_LAUNCHIMAGE_NAME = LaunchImage;
				HEADER_SEARCH_PATHS = (
					"$(inherited)",
					/Applications/Xcode.app/Contents/Developer/Toolchains/XcodeDefault.xctoolchain/usr/include,
					"$(SRCROOT)",
					"$(SRCROOT)/../STTouchDisplay",
				);
				INFOPLIST_FILE = "$(SRCROOT)/STIOHIDPlayground/Info.plist";
				PRODUCT_NAME = "$(TARGET_NAME)";
				WRAPPER_EXTENSION = app;
			};
			name = Debug;
		};
		2C2E1B9E18E4BEF90073EA88 /* Release */ = {
			isa = XCBuildConfiguration;
			buildSettings = {
				ASSETCATALOG_COMPILER_APPICON_NAME = AppIcon;
				ASSETCATALOG_COMPILER_LAUNCHIMAGE_NAME = LaunchImage;
				HEADER_SEARCH_PATHS = (
					"$(inherited)",
					/Applications/Xcode.app/Contents/Developer/Toolchains/XcodeDefault.xctoolchain/usr/include,
					"$(SRCROOT)",
					"$(SRCROOT)/../STTouchDisplay",
				);
				INFOPLIST_FILE = "$(SRCROOT)/STIOHIDPlayground/Info.plist";
				PRODUCT_NAME = "$(TARGET_NAME)";
				WRAPPER_EXTENSION = app;
			};
			name = Release;
		};
/* End XCBuildConfiguration section */

/* Begin XCConfigurationList section */
		2C2E1B6B18E4BEF90073EA88 /* Build configuration list for PBXProject "STIOHIDPlayground" */ = {
			isa = XCConfigurationList;
			buildConfigurations = (
				2C2E1B9A18E4BEF90073EA88 /* Debug */,
				2C2E1B9B18E4BEF90073EA88 /* Release */,
			);
			defaultConfigurationIsVisible = 0;
			defaultConfigurationName = Release;
		};
		2C2E1B9C18E4BEF90073EA88 /* Build configuration list for PBXNativeTarget "STIOHIDPlayground" */ = {
			isa = XCConfigurationList;
			buildConfigurations = (
				2C2E1B9D18E4BEF90073EA88 /* Debug */,
				2C2E1B9E18E4BEF90073EA88 /* Release */,
			);
			defaultConfigurationIsVisible = 0;
			defaultConfigurationName = Release;
		};
/* End XCConfigurationList section */
	};
	rootObject = 2C2E1B6818E4BEF90073EA88 /* Project object */;
}
